{
    "_readme": [
        "This file locks the dependencies of your project to a known state",
        "Read more about it at http://getcomposer.org/doc/01-basic-usage.md#composer-lock-the-lock-file",
        "This file is @generated automatically"
    ],
    "hash": "aecd33f721bb83273c86b301a687bcfd",
    "packages": [
        {
            "name": "moriartie/cultusrego",
            "version": "dev-dev",
            "source": {
                "type": "git",
                "url": "https://github.com/maoberlehner/cultusrego.git",
                "reference": "8f6117060513916b9832e18ca16bb5f546417fb8"
            },
            "dist": {
                "type": "zip",
                "url": "https://api.github.com/repos/maoberlehner/cultusrego/zipball/8f6117060513916b9832e18ca16bb5f546417fb8",
                "reference": "8f6117060513916b9832e18ca16bb5f546417fb8",
                "shasum": ""
            },
            "require": {
                "php": ">=5.3.0",
                "twig/twig": "~1.0"
            },
            "type": "library",
            "autoload": {
                "files": [
                    "cultusrego.php"
                ]
            },
            "notification-url": "https://packagist.org/downloads/",
            "license": [
                "GPL v2"
            ],
            "authors": [
                {
                    "name": "Markus Oberlehner",
                    "role": "Developer"
                }
            ],
            "description": "PHP Styleguide Generator",
            "homepage": "http://cultusrego.oberlehner.net",
            "keywords": [
                "styleguide"
            ],
            "time": "2015-01-05 09:32:46"
        },
        {
            "name": "twig/twig",
            "version": "v1.16.3",
            "source": {
                "type": "git",
                "url": "https://github.com/twigphp/Twig.git",
                "reference": "6dc11a1e8ecfc30e2c68aaeb218148409d8e68af"
            },
            "dist": {
                "type": "zip",
                "url": "https://api.github.com/repos/twigphp/Twig/zipball/6dc11a1e8ecfc30e2c68aaeb218148409d8e68af",
                "reference": "6dc11a1e8ecfc30e2c68aaeb218148409d8e68af",
                "shasum": ""
            },
            "require": {
                "php": ">=5.2.4"
            },
            "type": "library",
            "extra": {
                "branch-alias": {
                    "dev-master": "1.16-dev"
                }
            },
            "autoload": {
                "psr-0": {
                    "Twig_": "lib/"
                }
            },
            "notification-url": "https://packagist.org/downloads/",
            "license": [
                "BSD-3-Clause"
            ],
            "authors": [
                {
                    "name": "Fabien Potencier",
                    "email": "fabien@symfony.com",
                    "homepage": "http://fabien.potencier.org",
                    "role": "Lead Developer"
                },
                {
                    "name": "Armin Ronacher",
                    "email": "armin.ronacher@active-4.com",
                    "role": "Project Founder"
                },
                {
                    "name": "Twig Team",
                    "homepage": "http://twig.sensiolabs.org/contributors",
                    "role": "Contributors"
                }
            ],
            "description": "Twig, the flexible, fast, and secure template language for PHP",
            "homepage": "http://twig.sensiolabs.org",
            "keywords": [
                "templating"
            ],
            "time": "2014-12-25 19:58:19"
        }
    ],
    "packages-dev": [],
    "aliases": [],
    "minimum-stability": "stable",
    "stability-flags": {
        "moriartie/cultusrego": 20
    },
    "prefer-stable": false,
    "prefer-lowest": false,
    "platform": [],
    "platform-dev": []
}
