{
    "_readme": [
        "This file locks the dependencies of your project to a known state",
        "Read more about it at http://getcomposer.org/doc/01-basic-usage.md#composer-lock-the-lock-file",
        "This file is @generated automatically"
    ],
    "hash": "aecd33f721bb83273c86b301a687bcfd",
    "packages": [
        {
            "name": "aptoma/twig-markdown",
            "version": "0.2.1",
            "source": {
                "type": "git",
                "url": "https://github.com/aptoma/twig-markdown.git",
                "reference": "2c0972ecdaf5c94a0dec01b7c9af7919f2c6498d"
            },
            "dist": {
                "type": "zip",
                "url": "https://api.github.com/repos/aptoma/twig-markdown/zipball/2c0972ecdaf5c94a0dec01b7c9af7919f2c6498d",
                "reference": "2c0972ecdaf5c94a0dec01b7c9af7919f2c6498d",
                "shasum": ""
            },
            "require": {
                "twig/twig": "~1"
            },
            "require-dev": {
                "dflydev/markdown": "~1",
                "michelf/php-markdown": "~1"
            },
            "suggest": {
                "dflydev/markdown": "Markdown engine based on the simple michelf/php-markdown engine.",
                "michelf/php-markdown": "Original Markdown engine with MarkdownExtra."
            },
            "type": "library",
            "autoload": {
                "psr-0": {
                    "Aptoma": "src/"
                }
            },
            "notification-url": "https://packagist.org/downloads/",
            "license": [
                "MIT"
            ],
            "authors": [
                {
                    "name": "Gunnar Lium",
                    "email": "gunnar@aptoma.com",
                    "homepage": "https://github.com/gunnarlium",
                    "role": "Developer"
                },
                {
                    "name": "Joris Berthelot",
                    "email": "joris@berthelot.tel"
                }
            ],
            "description": "Twig extension to work with Markdown content",
            "keywords": [
                "markdown",
                "twig"
            ],
            "time": "2013-09-26 15:14:08"
        },
        {
            "name": "michelf/php-markdown",
            "version": "1.4.0",
            "source": {
                "type": "git",
                "url": "https://github.com/michelf/php-markdown.git",
                "reference": "96d8150406f67e683ef4acc09fef91785fef1266"
            },
            "dist": {
                "type": "zip",
                "url": "https://api.github.com/repos/michelf/php-markdown/zipball/96d8150406f67e683ef4acc09fef91785fef1266",
                "reference": "96d8150406f67e683ef4acc09fef91785fef1266",
                "shasum": ""
            },
            "require": {
                "php": ">=5.3.0"
            },
            "type": "library",
            "extra": {
                "branch-alias": {
                    "dev-lib": "1.4.x-dev"
                }
            },
            "autoload": {
                "psr-0": {
                    "Michelf": ""
                }
            },
            "notification-url": "https://packagist.org/downloads/",
            "license": [
                "BSD-3-Clause"
            ],
            "authors": [
                {
                    "name": "Michel Fortin",
                    "email": "michel.fortin@michelf.ca",
                    "homepage": "http://michelf.ca/",
                    "role": "Developer"
                },
                {
                    "name": "John Gruber",
                    "homepage": "http://daringfireball.net/"
                }
            ],
            "description": "PHP Markdown",
            "homepage": "http://michelf.ca/projects/php-markdown/",
            "keywords": [
                "markdown"
            ],
            "time": "2013-11-29 17:09:24"
        },
        {
            "name": "moriartie/cultusrego",
            "version": "dev-dev",
            "source": {
                "type": "git",
                "url": "https://github.com/maoberlehner/cultusrego.git",
                "reference": "ee2ae869ba6d8498e893c2ce65e0b1e77f98c995"
            },
            "dist": {
                "type": "zip",
                "url": "https://api.github.com/repos/maoberlehner/cultusrego/zipball/ee2ae869ba6d8498e893c2ce65e0b1e77f98c995",
                "reference": "ee2ae869ba6d8498e893c2ce65e0b1e77f98c995",
                "shasum": ""
            },
            "require": {
                "aptoma/twig-markdown": "0.2.*",
                "michelf/php-markdown": "1.4.0",
                "php": ">=5.3.0",
                "twig/twig": "~1.0"
            },
            "type": "library",
            "autoload": {
                "files": [
                    "cultusrego.php"
                ]
            },
            "notification-url": "https://packagist.org/downloads/",
            "license": [
                "GPL v2"
            ],
            "authors": [
                {
                    "name": "Markus Oberlehner",
                    "role": "Developer"
                }
            ],
            "description": "PHP Styleguide Generator",
            "homepage": "http://cultusrego.oberlehner.net",
            "keywords": [
                "styleguide"
            ],
            "time": "2015-01-05 18:50:33"
        },
        {
            "name": "twig/twig",
            "version": "v1.16.3",
            "source": {
                "type": "git",
                "url": "https://github.com/twigphp/Twig.git",
                "reference": "6dc11a1e8ecfc30e2c68aaeb218148409d8e68af"
            },
            "dist": {
                "type": "zip",
                "url": "https://api.github.com/repos/twigphp/Twig/zipball/6dc11a1e8ecfc30e2c68aaeb218148409d8e68af",
                "reference": "6dc11a1e8ecfc30e2c68aaeb218148409d8e68af",
                "shasum": ""
            },
            "require": {
                "php": ">=5.2.4"
            },
            "type": "library",
            "extra": {
                "branch-alias": {
                    "dev-master": "1.16-dev"
                }
            },
            "autoload": {
                "psr-0": {
                    "Twig_": "lib/"
                }
            },
            "notification-url": "https://packagist.org/downloads/",
            "license": [
                "BSD-3-Clause"
            ],
            "authors": [
                {
                    "name": "Fabien Potencier",
                    "email": "fabien@symfony.com",
                    "homepage": "http://fabien.potencier.org",
                    "role": "Lead Developer"
                },
                {
                    "name": "Armin Ronacher",
                    "email": "armin.ronacher@active-4.com",
                    "role": "Project Founder"
                },
                {
                    "name": "Twig Team",
                    "homepage": "http://twig.sensiolabs.org/contributors",
                    "role": "Contributors"
                }
            ],
            "description": "Twig, the flexible, fast, and secure template language for PHP",
            "homepage": "http://twig.sensiolabs.org",
            "keywords": [
                "templating"
            ],
            "time": "2014-12-25 19:58:19"
        }
    ],
    "packages-dev": [],
    "aliases": [],
    "minimum-stability": "stable",
    "stability-flags": {
        "moriartie/cultusrego": 20
    },
    "prefer-stable": false,
    "prefer-lowest": false,
    "platform": [],
    "platform-dev": []
}
